Microsoft Visual Studio Solution File, Format Version 12.00
# Visual Studio Version 16
VisualStudioVersion = 16.0.29728.190
MinimumVisualStudioVersion = 15.0.26730.12
Project("{9A19103F-16F7-4668-BE54-9A1E7A4F7556}") = "Shared", "Shared\Shared.csproj", "{BF92D39E-42F6-44E9-8F7F-819993235621}"
EndProject
Project("{9A19103F-16F7-4668-BE54-9A1E7A4F7556}") = "Orders_DtcEscalation", "MyEndpoint_DtcEscalation\Orders_DtcEscalation.csproj", "{9279DE35-CC81-42BE-BFEB-42DA321B2A6C}"
EndProject
Project("{2150E333-8FDC-42A3-9474-1A3956D46DE8}") = "Solution Items", "Solution Items", "{B68100F8-DDFE-4612-8004-A59CB2FE8506}"
	ProjectSection(SolutionItems) = preProject
		nuget.config = nuget.config
		readme.md = readme.md
	EndProjectSection
EndProject
Project("{9A19103F-16F7-4668-BE54-9A1E7A4F7556}") = "Orders_SqlSynonymProxy", "MyEndpoint_SqlSynonymProxy\Orders_SqlSynonymProxy.csproj", "{56B25C72-5562-4E67-B9E4-0795FBE09646}"
EndProject
Project("{FAE04EC0-301F-11D3-BF4B-00C04F79EFBC}") = "Orders_DtcEscalation_Installer", "MyEndpoint_DtcEscalation_Installer\Orders_DtcEscalation_Installer.csproj", "{453B31C7-D4E6-418A-87F8-4195314BE02B}"
EndProject
Project("{2150E333-8FDC-42A3-9474-1A3956D46DE8}") = "Orders", "Orders", "{F659F925-D343-4BF1-B75A-7AFB401433A8}"
EndProject
Project("{9A19103F-16F7-4668-BE54-9A1E7A4F7556}") = "OrdersCommon", "OrdersCommon\OrdersCommon.csproj", "{B33289F3-4B77-4B14-92B5-AD69DF03E246}"
EndProject
Global
	GlobalSection(SolutionConfigurationPlatforms) = preSolution
		Debug|Any CPU = Debug|Any CPU
		Release|Any CPU = Release|Any CPU
	EndGlobalSection
	GlobalSection(ProjectConfigurationPlatforms) = postSolution
		{BF92D39E-42F6-44E9-8F7F-819993235621}.Debug|Any CPU.ActiveCfg = Debug|Any CPU
		{BF92D39E-42F6-44E9-8F7F-819993235621}.Debug|Any CPU.Build.0 = Debug|Any CPU
		{BF92D39E-42F6-44E9-8F7F-819993235621}.Release|Any CPU.ActiveCfg = Release|Any CPU
		{BF92D39E-42F6-44E9-8F7F-819993235621}.Release|Any CPU.Build.0 = Release|Any CPU
		{9279DE35-CC81-42BE-BFEB-42DA321B2A6C}.Debug|Any CPU.ActiveCfg = Debug|Any CPU
		{9279DE35-CC81-42BE-BFEB-42DA321B2A6C}.Debug|Any CPU.Build.0 = Debug|Any CPU
		{9279DE35-CC81-42BE-BFEB-42DA321B2A6C}.Release|Any CPU.ActiveCfg = Release|Any CPU
		{9279DE35-CC81-42BE-BFEB-42DA321B2A6C}.Release|Any CPU.Build.0 = Release|Any CPU
		{56B25C72-5562-4E67-B9E4-0795FBE09646}.Debug|Any CPU.ActiveCfg = Debug|Any CPU
		{56B25C72-5562-4E67-B9E4-0795FBE09646}.Debug|Any CPU.Build.0 = Debug|Any CPU
		{56B25C72-5562-4E67-B9E4-0795FBE09646}.Release|Any CPU.ActiveCfg = Release|Any CPU
		{56B25C72-5562-4E67-B9E4-0795FBE09646}.Release|Any CPU.Build.0 = Release|Any CPU
		{453B31C7-D4E6-418A-87F8-4195314BE02B}.Debug|Any CPU.ActiveCfg = Debug|Any CPU
		{453B31C7-D4E6-418A-87F8-4195314BE02B}.Debug|Any CPU.Build.0 = Debug|Any CPU
		{453B31C7-D4E6-418A-87F8-4195314BE02B}.Release|Any CPU.ActiveCfg = Release|Any CPU
		{453B31C7-D4E6-418A-87F8-4195314BE02B}.Release|Any CPU.Build.0 = Release|Any CPU
		{B33289F3-4B77-4B14-92B5-AD69DF03E246}.Debug|Any CPU.ActiveCfg = Debug|Any CPU
		{B33289F3-4B77-4B14-92B5-AD69DF03E246}.Debug|Any CPU.Build.0 = Debug|Any CPU
		{B33289F3-4B77-4B14-92B5-AD69DF03E246}.Release|Any CPU.ActiveCfg = Release|Any CPU
		{B33289F3-4B77-4B14-92B5-AD69DF03E246}.Release|Any CPU.Build.0 = Release|Any CPU
	EndGlobalSection
	GlobalSection(SolutionProperties) = preSolution
		HideSolutionNode = FALSE
	EndGlobalSection
	GlobalSection(NestedProjects) = preSolution
		{9279DE35-CC81-42BE-BFEB-42DA321B2A6C} = {F659F925-D343-4BF1-B75A-7AFB401433A8}
		{56B25C72-5562-4E67-B9E4-0795FBE09646} = {F659F925-D343-4BF1-B75A-7AFB401433A8}
		{453B31C7-D4E6-418A-87F8-4195314BE02B} = {F659F925-D343-4BF1-B75A-7AFB401433A8}
		{B33289F3-4B77-4B14-92B5-AD69DF03E246} = {F659F925-D343-4BF1-B75A-7AFB401433A8}
	EndGlobalSection
	GlobalSection(ExtensibilityGlobals) = postSolution
		SolutionGuid = {8807A4D7-0E93-4597-958F-4C4DEB111FBF}
	EndGlobalSection
EndGlobal
